
Microsoft Visual Studio Solution File, Format Version 12.00
# Visual Studio 2013
VisualStudioVersion = 12.0.40629.0
MinimumVisualStudioVersion = 10.0.40219.1
Project("{D2ABAB84-BF74-430A-B69E-9DC6D40DDA17}") = "FogBugz_2014", "FogBugz_2014\FogBugz_2014.dwproj", "{7A9DD04A-5391-4F47-BD2F-0AEF9249949C}"
EndProject
Global
	GlobalSection(SolutionConfigurationPlatforms) = preSolution
		Development|Default = Development|Default
		Release|Default = Release|Default
	EndGlobalSection
	GlobalSection(ProjectConfigurationPlatforms) = postSolution
		{7A9DD04A-5391-4F47-BD2F-0AEF9249949C}.Development|Default.ActiveCfg = Development
		{7A9DD04A-5391-4F47-BD2F-0AEF9249949C}.Development|Default.Build.0 = Development
		{7A9DD04A-5391-4F47-BD2F-0AEF9249949C}.Development|Default.Deploy.0 = Development
		{7A9DD04A-5391-4F47-BD2F-0AEF9249949C}.Release|Default.ActiveCfg = Release
		{7A9DD04A-5391-4F47-BD2F-0AEF9249949C}.Release|Default.Build.0 = Release
		{7A9DD04A-5391-4F47-BD2F-0AEF9249949C}.Release|Default.Deploy.0 = Release
	EndGlobalSection
	GlobalSection(SolutionProperties) = preSolution
		HideSolutionNode = FALSE
	EndGlobalSection
EndGlobal
